// !$*UTF8*$!
{
	archiveVersion = 1;
	classes = {
	};
	objectVersion = 56;
	objects = {

/* Begin PBXBuildFile section */
		2554AEFB1039D7735EBE28C9 /* Pods_IntegrationKit.framework in Frameworks */ = {isa = PBXBuildFile; fileRef = C2EAF92AFF88FB19F83CC541 /* Pods_IntegrationKit.framework */; };
		57BB32D56170BA8F7089957A /* Pods_IntegrationWatchOS.framework in Frameworks */ = {isa = PBXBuildFile; fileRef = EB54F0645180A96B939EFCED /* Pods_IntegrationWatchOS.framework */; };
		6A6894B229B208D500508483 /* IntegrationKit.framework in Frameworks */ = {isa = PBXBuildFile; fileRef = 6A6894A929B208D500508483 /* IntegrationKit.framework */; };
		6A6894B729B208D500508483 /* IntegrationKitTests.swift in Sources */ = {isa = PBXBuildFile; fileRef = 6A6894B629B208D500508483 /* IntegrationKitTests.swift */; };
		6A6894B829B208D500508483 /* IntegrationKit.h in Headers */ = {isa = PBXBuildFile; fileRef = 6A6894AC29B208D500508483 /* IntegrationKit.h */; settings = {ATTRIBUTES = (Public, ); }; };
		6A6894C929B2091000508483 /* IntegrationWatchOS.h in Headers */ = {isa = PBXBuildFile; fileRef = 6A6894C829B2091000508483 /* IntegrationWatchOS.h */; settings = {ATTRIBUTES = (Public, ); }; };
		E4E2341ED20C4CCFB3823A61 /* Pods_IntegrationKit_IntegrationKitTests.framework in Frameworks */ = {isa = PBXBuildFile; fileRef = 8925AE13E0C07AB50763D5C0 /* Pods_IntegrationKit_IntegrationKitTests.framework */; };
/* End PBXBuildFile section */

/* Begin PBXContainerItemProxy section */
		6A6894B329B208D500508483 /* PBXContainerItemProxy */ = {
			isa = PBXContainerItemProxy;
			containerPortal = 6A6894A029B208D500508483 /* Project object */;
			proxyType = 1;
			remoteGlobalIDString = 6A6894A829B208D500508483;
			remoteInfo = IntegrationKit;
		};
/* End PBXContainerItemProxy section */

/* Begin PBXFileReference section */
		4B8F35F942591CF59259B445 /* Pods-IntegrationKit-IntegrationKitTests.release.xcconfig */ = {isa = PBXFileReference; includeInIndex = 1; lastKnownFileType = text.xcconfig; name = "Pods-IntegrationKit-IntegrationKitTests.release.xcconfig"; path = "Target Support Files/Pods-IntegrationKit-IntegrationKitTests/Pods-IntegrationKit-IntegrationKitTests.release.xcconfig"; sourceTree = "<group>"; };
		4DE90A13C70FF7E689A5893F /* Pods-IntegrationWatchOS.debug.xcconfig */ = {isa = PBXFileReference; includeInIndex = 1; lastKnownFileType = text.xcconfig; name = "Pods-IntegrationWatchOS.debug.xcconfig"; path = "Target Support Files/Pods-IntegrationWatchOS/Pods-IntegrationWatchOS.debug.xcconfig"; sourceTree = "<group>"; };
		6A6894A929B208D500508483 /* IntegrationKit.framework */ = {isa = PBXFileReference; explicitFileType = wrapper.framework; includeInIndex = 0; path = IntegrationKit.framework; sourceTree = BUILT_PRODUCTS_DIR; };
		6A6894AC29B208D500508483 /* IntegrationKit.h */ = {isa = PBXFileReference; lastKnownFileType = sourcecode.c.h; path = IntegrationKit.h; sourceTree = "<group>"; };
		6A6894B129B208D500508483 /* IntegrationKitTests.xctest */ = {isa = PBXFileReference; explicitFileType = wrapper.cfbundle; includeInIndex = 0; path = IntegrationKitTests.xctest; sourceTree = BUILT_PRODUCTS_DIR; };
		6A6894B629B208D500508483 /* IntegrationKitTests.swift */ = {isa = PBXFileReference; lastKnownFileType = sourcecode.swift; path = IntegrationKitTests.swift; sourceTree = "<group>"; };
		6A6894C629B2091000508483 /* IntegrationWatchOS.framework */ = {isa = PBXFileReference; explicitFileType = wrapper.framework; includeInIndex = 0; path = IntegrationWatchOS.framework; sourceTree = BUILT_PRODUCTS_DIR; };
		6A6894C829B2091000508483 /* IntegrationWatchOS.h */ = {isa = PBXFileReference; lastKnownFileType = sourcecode.c.h; path = IntegrationWatchOS.h; sourceTree = "<group>"; };
		7310F63B1A97557BE9DE53B8 /* Pods-IntegrationWatchOS.release.xcconfig */ = {isa = PBXFileReference; includeInIndex = 1; lastKnownFileType = text.xcconfig; name = "Pods-IntegrationWatchOS.release.xcconfig"; path = "Target Support Files/Pods-IntegrationWatchOS/Pods-IntegrationWatchOS.release.xcconfig"; sourceTree = "<group>"; };
		8925AE13E0C07AB50763D5C0 /* Pods_IntegrationKit_IntegrationKitTests.framework */ = {isa = PBXFileReference; explicitFileType = wrapper.framework; includeInIndex = 0; path = Pods_IntegrationKit_IntegrationKitTests.framework; sourceTree = BUILT_PRODUCTS_DIR; };
		94DC85EB8F5E6E746B3D8377 /* Pods-IntegrationKit.release.xcconfig */ = {isa = PBXFileReference; includeInIndex = 1; lastKnownFileType = text.xcconfig; name = "Pods-IntegrationKit.release.xcconfig"; path = "Target Support Files/Pods-IntegrationKit/Pods-IntegrationKit.release.xcconfig"; sourceTree = "<group>"; };
		C29CEEEE996FBDD907B7AED4 /* Pods-IntegrationKit-IntegrationKitTests.debug.xcconfig */ = {isa = PBXFileReference; includeInIndex = 1; lastKnownFileType = text.xcconfig; name = "Pods-IntegrationKit-IntegrationKitTests.debug.xcconfig"; path = "Target Support Files/Pods-IntegrationKit-IntegrationKitTests/Pods-IntegrationKit-IntegrationKitTests.debug.xcconfig"; sourceTree = "<group>"; };
		C2EAF92AFF88FB19F83CC541 /* Pods_IntegrationKit.framework */ = {isa = PBXFileReference; explicitFileType = wrapper.framework; includeInIndex = 0; path = Pods_IntegrationKit.framework; sourceTree = BUILT_PRODUCTS_DIR; };
		EB54F0645180A96B939EFCED /* Pods_IntegrationWatchOS.framework */ = {isa = PBXFileReference; explicitFileType = wrapper.framework; includeInIndex = 0; path = Pods_IntegrationWatchOS.framework; sourceTree = BUILT_PRODUCTS_DIR; };
		F0B4799C42C5019A9E223236 /* Pods-IntegrationKit.debug.xcconfig */ = {isa = PBXFileReference; includeInIndex = 1; lastKnownFileType = text.xcconfig; name = "Pods-IntegrationKit.debug.xcconfig"; path = "Target Support Files/Pods-IntegrationKit/Pods-IntegrationKit.debug.xcconfig"; sourceTree = "<group>"; };
/* End PBXFileReference section */

/* Begin PBXFrameworksBuildPhase section */
		6A6894A629B208D500508483 /* Frameworks */ = {
			isa = PBXFrameworksBuildPhase;
			buildActionMask = 2147483647;
			files = (
				2554AEFB1039D7735EBE28C9 /* Pods_IntegrationKit.framework in Frameworks */,
			);
			runOnlyForDeploymentPostprocessing = 0;
		};
		6A6894AE29B208D500508483 /* Frameworks */ = {
			isa = PBXFrameworksBuildPhase;
			buildActionMask = 2147483647;
			files = (
				6A6894B229B208D500508483 /* IntegrationKit.framework in Frameworks */,
				E4E2341ED20C4CCFB3823A61 /* Pods_IntegrationKit_IntegrationKitTests.framework in Frameworks */,
			);
			runOnlyForDeploymentPostprocessing = 0;
		};
		6A6894C329B2091000508483 /* Frameworks */ = {
			isa = PBXFrameworksBuildPhase;
			buildActionMask = 2147483647;
			files = (
				57BB32D56170BA8F7089957A /* Pods_IntegrationWatchOS.framework in Frameworks */,
			);
			runOnlyForDeploymentPostprocessing = 0;
		};
/* End PBXFrameworksBuildPhase section */

/* Begin PBXGroup section */
		266BEC75E15D68F7D2379C29 /* Pods */ = {
			isa = PBXGroup;
			children = (
				F0B4799C42C5019A9E223236 /* Pods-IntegrationKit.debug.xcconfig */,
				94DC85EB8F5E6E746B3D8377 /* Pods-IntegrationKit.release.xcconfig */,
				C29CEEEE996FBDD907B7AED4 /* Pods-IntegrationKit-IntegrationKitTests.debug.xcconfig */,
				4B8F35F942591CF59259B445 /* Pods-IntegrationKit-IntegrationKitTests.release.xcconfig */,
				4DE90A13C70FF7E689A5893F /* Pods-IntegrationWatchOS.debug.xcconfig */,
				7310F63B1A97557BE9DE53B8 /* Pods-IntegrationWatchOS.release.xcconfig */,
			);
			name = Pods;
			path = Pods;
			sourceTree = "<group>";
		};
		3425CDF3A9814C6913B69BC8 /* Frameworks */ = {
			isa = PBXGroup;
			children = (
				C2EAF92AFF88FB19F83CC541 /* Pods_IntegrationKit.framework */,
				8925AE13E0C07AB50763D5C0 /* Pods_IntegrationKit_IntegrationKitTests.framework */,
				EB54F0645180A96B939EFCED /* Pods_IntegrationWatchOS.framework */,
			);
			name = Frameworks;
			sourceTree = "<group>";
		};
		6A68949F29B208D500508483 = {
			isa = PBXGroup;
			children = (
				6A6894AB29B208D500508483 /* IntegrationKit */,
				6A6894B529B208D500508483 /* IntegrationKitTests */,
				6A6894C729B2091000508483 /* IntegrationWatchOS */,
				6A6894AA29B208D500508483 /* Products */,
				266BEC75E15D68F7D2379C29 /* Pods */,
				3425CDF3A9814C6913B69BC8 /* Frameworks */,
			);
			sourceTree = "<group>";
		};
		6A6894AA29B208D500508483 /* Products */ = {
			isa = PBXGroup;
			children = (
				6A6894A929B208D500508483 /* IntegrationKit.framework */,
				6A6894B129B208D500508483 /* IntegrationKitTests.xctest */,
				6A6894C629B2091000508483 /* IntegrationWatchOS.framework */,
			);
			name = Products;
			sourceTree = "<group>";
		};
		6A6894AB29B208D500508483 /* IntegrationKit */ = {
			isa = PBXGroup;
			children = (
				6A6894AC29B208D500508483 /* IntegrationKit.h */,
			);
			path = IntegrationKit;
			sourceTree = "<group>";
		};
		6A6894B529B208D500508483 /* IntegrationKitTests */ = {
			isa = PBXGroup;
			children = (
				6A6894B629B208D500508483 /* IntegrationKitTests.swift */,
			);
			path = IntegrationKitTests;
			sourceTree = "<group>";
		};
		6A6894C729B2091000508483 /* IntegrationWatchOS */ = {
			isa = PBXGroup;
			children = (
				6A6894C829B2091000508483 /* IntegrationWatchOS.h */,
			);
			path = IntegrationWatchOS;
			sourceTree = "<group>";
		};
/* End PBXGroup section */

/* Begin PBXHeadersBuildPhase section */
		6A6894A429B208D500508483 /* Headers */ = {
			isa = PBXHeadersBuildPhase;
			buildActionMask = 2147483647;
			files = (
				6A6894B829B208D500508483 /* IntegrationKit.h in Headers */,
			);
			runOnlyForDeploymentPostprocessing = 0;
		};
		6A6894C129B2091000508483 /* Headers */ = {
			isa = PBXHeadersBuildPhase;
			buildActionMask = 2147483647;
			files = (
				6A6894C929B2091000508483 /* IntegrationWatchOS.h in Headers */,
			);
			runOnlyForDeploymentPostprocessing = 0;
		};
/* End PBXHeadersBuildPhase section */

/* Begin PBXNativeTarget section */
		6A6894A829B208D500508483 /* IntegrationKit */ = {
			isa = PBXNativeTarget;
			buildConfigurationList = 6A6894BB29B208D500508483 /* Build configuration list for PBXNativeTarget "IntegrationKit" */;
			buildPhases = (
				C4C044A406219058B9E216D7 /* [CP] Check Pods Manifest.lock */,
				6A6894A429B208D500508483 /* Headers */,
				6A6894A529B208D500508483 /* Sources */,
				6A6894A629B208D500508483 /* Frameworks */,
				6A6894A729B208D500508483 /* Resources */,
			);
			buildRules = (
			);
			dependencies = (
			);
			name = IntegrationKit;
			productName = IntegrationKit;
			productReference = 6A6894A929B208D500508483 /* IntegrationKit.framework */;
			productType = "com.apple.product-type.framework";
		};
		6A6894B029B208D500508483 /* IntegrationKitTests */ = {
			isa = PBXNativeTarget;
			buildConfigurationList = 6A6894BE29B208D500508483 /* Build configuration list for PBXNativeTarget "IntegrationKitTests" */;
			buildPhases = (
				C215E2BAF16B80CFA13AF3AC /* [CP] Check Pods Manifest.lock */,
				6A6894AD29B208D500508483 /* Sources */,
				6A6894AE29B208D500508483 /* Frameworks */,
				6A6894AF29B208D500508483 /* Resources */,
				03B6758E556710B1E5C13C44 /* [CP] Embed Pods Frameworks */,
			);
			buildRules = (
			);
			dependencies = (
				6A6894B429B208D500508483 /* PBXTargetDependency */,
			);
			name = IntegrationKitTests;
			productName = IntegrationKitTests;
			productReference = 6A6894B129B208D500508483 /* IntegrationKitTests.xctest */;
			productType = "com.apple.product-type.bundle.unit-test";
		};
		6A6894C529B2091000508483 /* IntegrationWatchOS */ = {
			isa = PBXNativeTarget;
			buildConfigurationList = 6A6894CA29B2091000508483 /* Build configuration list for PBXNativeTarget "IntegrationWatchOS" */;
			buildPhases = (
				E8475E6E38D55B9DB56C9D3E /* [CP] Check Pods Manifest.lock */,
				6A6894C129B2091000508483 /* Headers */,
				6A6894C229B2091000508483 /* Sources */,
				6A6894C329B2091000508483 /* Frameworks */,
				6A6894C429B2091000508483 /* Resources */,
			);
			buildRules = (
			);
			dependencies = (
			);
			name = IntegrationWatchOS;
			productName = IntegrationWatchOS;
			productReference = 6A6894C629B2091000508483 /* IntegrationWatchOS.framework */;
			productType = "com.apple.product-type.framework";
		};
/* End PBXNativeTarget section */

/* Begin PBXProject section */
		6A6894A029B208D500508483 /* Project object */ = {
			isa = PBXProject;
			attributes = {
				BuildIndependentTargetsInParallel = 1;
				LastSwiftUpdateCheck = 1420;
				LastUpgradeCheck = 1420;
				TargetAttributes = {
					6A6894A829B208D500508483 = {
						CreatedOnToolsVersion = 14.2;
					};
					6A6894B029B208D500508483 = {
						CreatedOnToolsVersion = 14.2;
					};
					6A6894C529B2091000508483 = {
						CreatedOnToolsVersion = 14.2;
					};
				};
			};
			buildConfigurationList = 6A6894A329B208D500508483 /* Build configuration list for PBXProject "IntegrationKit" */;
			compatibilityVersion = "Xcode 14.0";
			developmentRegion = en;
			hasScannedForEncodings = 0;
			knownRegions = (
				en,
				Base,
			);
			mainGroup = 6A68949F29B208D500508483;
			productRefGroup = 6A6894AA29B208D500508483 /* Products */;
			projectDirPath = "";
			projectRoot = "";
			targets = (
				6A6894A829B208D500508483 /* IntegrationKit */,
				6A6894B029B208D500508483 /* IntegrationKitTests */,
				6A6894C529B2091000508483 /* IntegrationWatchOS */,
			);
		};
/* End PBXProject section */

/* Begin PBXResourcesBuildPhase section */
		6A6894A729B208D500508483 /* Resources */ = {
			isa = PBXResourcesBuildPhase;
			buildActionMask = 2147483647;
			files = (
			);
			runOnlyForDeploymentPostprocessing = 0;
		};
		6A6894AF29B208D500508483 /* Resources */ = {
			isa = PBXResourcesBuildPhase;
			buildActionMask = 2147483647;
			files = (
			);
			runOnlyForDeploymentPostprocessing = 0;
		};
		6A6894C429B2091000508483 /* Resources */ = {
			isa = PBXResourcesBuildPhase;
			buildActionMask = 2147483647;
			files = (
			);
			runOnlyForDeploymentPostprocessing = 0;
		};
/* End PBXResourcesBuildPhase section */

/* Begin PBXShellScriptBuildPhase section */
		03B6758E556710B1E5C13C44 /* [CP] Embed Pods Frameworks */ = {
			isa = PBXShellScriptBuildPhase;
			buildActionMask = 2147483647;
			files = (
			);
			inputFileListPaths = (
				"${PODS_ROOT}/Target Support Files/Pods-IntegrationKit-IntegrationKitTests/Pods-IntegrationKit-IntegrationKitTests-frameworks-${CONFIGURATION}-input-files.xcfilelist",
			);
			name = "[CP] Embed Pods Frameworks";
			outputFileListPaths = (
				"${PODS_ROOT}/Target Support Files/Pods-IntegrationKit-IntegrationKitTests/Pods-IntegrationKit-IntegrationKitTests-frameworks-${CONFIGURATION}-output-files.xcfilelist",
			);
			runOnlyForDeploymentPostprocessing = 0;
			shellPath = /bin/sh;
			shellScript = "\"${PODS_ROOT}/Target Support Files/Pods-IntegrationKit-IntegrationKitTests/Pods-IntegrationKit-IntegrationKitTests-frameworks.sh\"\n";
			showEnvVarsInLog = 0;
		};
		C215E2BAF16B80CFA13AF3AC /* [CP] Check Pods Manifest.lock */ = {
			isa = PBXShellScriptBuildPhase;
			buildActionMask = 2147483647;
			files = (
			);
			inputFileListPaths = (
			);
			inputPaths = (
				"${PODS_PODFILE_DIR_PATH}/Podfile.lock",
				"${PODS_ROOT}/Manifest.lock",
			);
			name = "[CP] Check Pods Manifest.lock";
			outputFileListPaths = (
			);
			outputPaths = (
				"$(DERIVED_FILE_DIR)/Pods-IntegrationKit-IntegrationKitTests-checkManifestLockResult.txt",
			);
			runOnlyForDeploymentPostprocessing = 0;
			shellPath = /bin/sh;
			shellScript = "diff \"${PODS_PODFILE_DIR_PATH}/Podfile.lock\" \"${PODS_ROOT}/Manifest.lock\" > /dev/null\nif [ $? != 0 ] ; then\n    # print error to STDERR\n    echo \"error: The sandbox is not in sync with the Podfile.lock. Run 'pod install' or update your CocoaPods installation.\" >&2\n    exit 1\nfi\n# This output is used by Xcode 'outputs' to avoid re-running this script phase.\necho \"SUCCESS\" > \"${SCRIPT_OUTPUT_FILE_0}\"\n";
			showEnvVarsInLog = 0;
		};
		C4C044A406219058B9E216D7 /* [CP] Check Pods Manifest.lock */ = {
			isa = PBXShellScriptBuildPhase;
			buildActionMask = 2147483647;
			files = (
			);
			inputFileListPaths = (
			);
			inputPaths = (
				"${PODS_PODFILE_DIR_PATH}/Podfile.lock",
				"${PODS_ROOT}/Manifest.lock",
			);
			name = "[CP] Check Pods Manifest.lock";
			outputFileListPaths = (
			);
			outputPaths = (
				"$(DERIVED_FILE_DIR)/Pods-IntegrationKit-checkManifestLockResult.txt",
			);
			runOnlyForDeploymentPostprocessing = 0;
			shellPath = /bin/sh;
			shellScript = "diff \"${PODS_PODFILE_DIR_PATH}/Podfile.lock\" \"${PODS_ROOT}/Manifest.lock\" > /dev/null\nif [ $? != 0 ] ; then\n    # print error to STDERR\n    echo \"error: The sandbox is not in sync with the Podfile.lock. Run 'pod install' or update your CocoaPods installation.\" >&2\n    exit 1\nfi\n# This output is used by Xcode 'outputs' to avoid re-running this script phase.\necho \"SUCCESS\" > \"${SCRIPT_OUTPUT_FILE_0}\"\n";
			showEnvVarsInLog = 0;
		};
		E8475E6E38D55B9DB56C9D3E /* [CP] Check Pods Manifest.lock */ = {
			isa = PBXShellScriptBuildPhase;
			buildActionMask = 2147483647;
			files = (
			);
			inputFileListPaths = (
			);
			inputPaths = (
				"${PODS_PODFILE_DIR_PATH}/Podfile.lock",
				"${PODS_ROOT}/Manifest.lock",
			);
			name = "[CP] Check Pods Manifest.lock";
			outputFileListPaths = (
			);
			outputPaths = (
				"$(DERIVED_FILE_DIR)/Pods-IntegrationWatchOS-checkManifestLockResult.txt",
			);
			runOnlyForDeploymentPostprocessing = 0;
			shellPath = /bin/sh;
			shellScript = "diff \"${PODS_PODFILE_DIR_PATH}/Podfile.lock\" \"${PODS_ROOT}/Manifest.lock\" > /dev/null\nif [ $? != 0 ] ; then\n    # print error to STDERR\n    echo \"error: The sandbox is not in sync with the Podfile.lock. Run 'pod install' or update your CocoaPods installation.\" >&2\n    exit 1\nfi\n# This output is used by Xcode 'outputs' to avoid re-running this script phase.\necho \"SUCCESS\" > \"${SCRIPT_OUTPUT_FILE_0}\"\n";
			showEnvVarsInLog = 0;
		};
/* End PBXShellScriptBuildPhase section */

/* Begin PBXSourcesBuildPhase section */
		6A6894A529B208D500508483 /* Sources */ = {
			isa = PBXSourcesBuildPhase;
			buildActionMask = 2147483647;
			files = (
			);
			runOnlyForDeploymentPostprocessing = 0;
		};
		6A6894AD29B208D500508483 /* Sources */ = {
			isa = PBXSourcesBuildPhase;
			buildActionMask = 2147483647;
			files = (
				6A6894B729B208D500508483 /* IntegrationKitTests.swift in Sources */,
			);
			runOnlyForDeploymentPostprocessing = 0;
		};
		6A6894C229B2091000508483 /* Sources */ = {
			isa = PBXSourcesBuildPhase;
			buildActionMask = 2147483647;
			files = (
			);
			runOnlyForDeploymentPostprocessing = 0;
		};
/* End PBXSourcesBuildPhase section */

/* Begin PBXTargetDependency section */
		6A6894B429B208D500508483 /* PBXTargetDependency */ = {
			isa = PBXTargetDependency;
			target = 6A6894A829B208D500508483 /* IntegrationKit */;
			targetProxy = 6A6894B329B208D500508483 /* PBXContainerItemProxy */;
		};
/* End PBXTargetDependency section */

/* Begin XCBuildConfiguration section */
		6A6894B929B208D500508483 /* Debug */ = {
			isa = XCBuildConfiguration;
			buildSettings = {
				ALWAYS_SEARCH_USER_PATHS = NO;
				CLANG_ANALYZER_NONNULL = YES;
				CLANG_ANALYZER_NUMBER_OBJECT_CONVERSION = YES_AGGRESSIVE;
				CLANG_CXX_LANGUAGE_STANDARD = "gnu++20";
				CLANG_ENABLE_MODULES = YES;
				CLANG_ENABLE_OBJC_ARC = YES;
				CLANG_ENABLE_OBJC_WEAK = YES;
				CLANG_WARN_BLOCK_CAPTURE_AUTORELEASING = YES;
				CLANG_WARN_BOOL_CONVERSION = YES;
				CLANG_WARN_COMMA = YES;
				CLANG_WARN_CONSTANT_CONVERSION = YES;
				CLANG_WARN_DEPRECATED_OBJC_IMPLEMENTATIONS = YES;
				CLANG_WARN_DIRECT_OBJC_ISA_USAGE = YES_ERROR;
				CLANG_WARN_DOCUMENTATION_COMMENTS = YES;
				CLANG_WARN_EMPTY_BODY = YES;
				CLANG_WARN_ENUM_CONVERSION = YES;
				CLANG_WARN_INFINITE_RECURSION = YES;
				CLANG_WARN_INT_CONVERSION = YES;
				CLANG_WARN_NON_LITERAL_NULL_CONVERSION = YES;
				CLANG_WARN_OBJC_IMPLICIT_RETAIN_SELF = YES;
				CLANG_WARN_OBJC_LITERAL_CONVERSION = YES;
				CLANG_WARN_OBJC_ROOT_CLASS = YES_ERROR;
				CLANG_WARN_QUOTED_INCLUDE_IN_FRAMEWORK_HEADER = YES;
				CLANG_WARN_RANGE_LOOP_ANALYSIS = YES;
				CLANG_WARN_STRICT_PROTOTYPES = YES;
				CLANG_WARN_SUSPICIOUS_MOVE = YES;
				CLANG_WARN_UNGUARDED_AVAILABILITY = YES_AGGRESSIVE;
				CLANG_WARN_UNREACHABLE_CODE = YES;
				CLANG_WARN__DUPLICATE_METHOD_MATCH = YES;
				COPY_PHASE_STRIP = NO;
				CURRENT_PROJECT_VERSION = 1;
				DEBUG_INFORMATION_FORMAT = dwarf;
				ENABLE_STRICT_OBJC_MSGSEND = YES;
				ENABLE_TESTABILITY = YES;
				GCC_C_LANGUAGE_STANDARD = gnu11;
				GCC_DYNAMIC_NO_PIC = NO;
				GCC_NO_COMMON_BLOCKS = YES;
				GCC_OPTIMIZATION_LEVEL = 0;
				GCC_PREPROCESSOR_DEFINITIONS = (
					"DEBUG=1",
					"$(inherited)",
				);
				GCC_WARN_64_TO_32_BIT_CONVERSION = YES;
				GCC_WARN_ABOUT_RETURN_TYPE = YES_ERROR;
				GCC_WARN_UNDECLARED_SELECTOR = YES;
				GCC_WARN_UNINITIALIZED_AUTOS = YES_AGGRESSIVE;
				GCC_WARN_UNUSED_FUNCTION = YES;
				GCC_WARN_UNUSED_VARIABLE = YES;
				IPHONEOS_DEPLOYMENT_TARGET = 14.0;
				MTL_ENABLE_DEBUG_INFO = INCLUDE_SOURCE;
				MTL_FAST_MATH = YES;
				ONLY_ACTIVE_ARCH = YES;
				SDKROOT = iphoneos;
				SWIFT_ACTIVE_COMPILATION_CONDITIONS = DEBUG;
				SWIFT_OPTIMIZATION_LEVEL = "-Onone";
				VERSIONING_SYSTEM = "apple-generic";
				VERSION_INFO_PREFIX = "";
			};
			name = Debug;
		};
		6A6894BA29B208D500508483 /* Release */ = {
			isa = XCBuildConfiguration;
			buildSettings = {
				ALWAYS_SEARCH_USER_PATHS = NO;
				CLANG_ANALYZER_NONNULL = YES;
				CLANG_ANALYZER_NUMBER_OBJECT_CONVERSION = YES_AGGRESSIVE;
				CLANG_CXX_LANGUAGE_STANDARD = "gnu++20";
				CLANG_ENABLE_MODULES = YES;
				CLANG_ENABLE_OBJC_ARC = YES;
				CLANG_ENABLE_OBJC_WEAK = YES;
				CLANG_WARN_BLOCK_CAPTURE_AUTORELEASING = YES;
				CLANG_WARN_BOOL_CONVERSION = YES;
				CLANG_WARN_COMMA = YES;
				CLANG_WARN_CONSTANT_CONVERSION = YES;
				CLANG_WARN_DEPRECATED_OBJC_IMPLEMENTATIONS = YES;
				CLANG_WARN_DIRECT_OBJC_ISA_USAGE = YES_ERROR;
				CLANG_WARN_DOCUMENTATION_COMMENTS = YES;
				CLANG_WARN_EMPTY_BODY = YES;
				CLANG_WARN_ENUM_CONVERSION = YES;
				CLANG_WARN_INFINITE_RECURSION = YES;
				CLANG_WARN_INT_CONVERSION = YES;
				CLANG_WARN_NON_LITERAL_NULL_CONVERSION = YES;
				CLANG_WARN_OBJC_IMPLICIT_RETAIN_SELF = YES;
				CLANG_WARN_OBJC_LITERAL_CONVERSION = YES;
				CLANG_WARN_OBJC_ROOT_CLASS = YES_ERROR;
				CLANG_WARN_QUOTED_INCLUDE_IN_FRAMEWORK_HEADER = YES;
				CLANG_WARN_RANGE_LOOP_ANALYSIS = YES;
				CLANG_WARN_STRICT_PROTOTYPES = YES;
				CLANG_WARN_SUSPICIOUS_MOVE = YES;
				CLANG_WARN_UNGUARDED_AVAILABILITY = YES_AGGRESSIVE;
				CLANG_WARN_UNREACHABLE_CODE = YES;
				CLANG_WARN__DUPLICATE_METHOD_MATCH = YES;
				COPY_PHASE_STRIP = NO;
				CURRENT_PROJECT_VERSION = 1;
				DEBUG_INFORMATION_FORMAT = "dwarf-with-dsym";
				ENABLE_NS_ASSERTIONS = NO;
				ENABLE_STRICT_OBJC_MSGSEND = YES;
				GCC_C_LANGUAGE_STANDARD = gnu11;
				GCC_NO_COMMON_BLOCKS = YES;
				GCC_WARN_64_TO_32_BIT_CONVERSION = YES;
				GCC_WARN_ABOUT_RETURN_TYPE = YES_ERROR;
				GCC_WARN_UNDECLARED_SELECTOR = YES;
				GCC_WARN_UNINITIALIZED_AUTOS = YES_AGGRESSIVE;
				GCC_WARN_UNUSED_FUNCTION = YES;
				GCC_WARN_UNUSED_VARIABLE = YES;
				IPHONEOS_DEPLOYMENT_TARGET = 14.0;
				MTL_ENABLE_DEBUG_INFO = NO;
				MTL_FAST_MATH = YES;
				SDKROOT = iphoneos;
				SWIFT_COMPILATION_MODE = wholemodule;
				SWIFT_OPTIMIZATION_LEVEL = "-O";
				VALIDATE_PRODUCT = YES;
				VERSIONING_SYSTEM = "apple-generic";
				VERSION_INFO_PREFIX = "";
			};
			name = Release;
		};
		6A6894BC29B208D500508483 /* Debug */ = {
			isa = XCBuildConfiguration;
			baseConfigurationReference = F0B4799C42C5019A9E223236 /* Pods-IntegrationKit.debug.xcconfig */;
			buildSettings = {
				CODE_SIGN_STYLE = Automatic;
				CURRENT_PROJECT_VERSION = 1;
				DEFINES_MODULE = YES;
				DEVELOPMENT_TEAM = 5SB3H4Y5NS;
				DYLIB_COMPATIBILITY_VERSION = 1;
				DYLIB_CURRENT_VERSION = 1;
				DYLIB_INSTALL_NAME_BASE = "@rpath";
				GENERATE_INFOPLIST_FILE = YES;
				INFOPLIST_KEY_NSHumanReadableCopyright = "";
				INSTALL_PATH = "$(LOCAL_LIBRARY_DIR)/Frameworks";
				LD_RUNPATH_SEARCH_PATHS = (
					"$(inherited)",
					"@executable_path/Frameworks",
					"@loader_path/Frameworks",
				);
				MARKETING_VERSION = 1.0;
				PRODUCT_BUNDLE_IDENTIFIER = com.ldakhoa.IntegrationKit;
				PRODUCT_NAME = "$(TARGET_NAME:c99extidentifier)";
				SKIP_INSTALL = YES;
				SWIFT_EMIT_LOC_STRINGS = YES;
				SWIFT_VERSION = 5.0;
				TARGETED_DEVICE_FAMILY = "1,2";
			};
			name = Debug;
		};
		6A6894BD29B208D500508483 /* Release */ = {
			isa = XCBuildConfiguration;
			baseConfigurationReference = 94DC85EB8F5E6E746B3D8377 /* Pods-IntegrationKit.release.xcconfig */;
			buildSettings = {
				CODE_SIGN_STYLE = Automatic;
				CURRENT_PROJECT_VERSION = 1;
				DEFINES_MODULE = YES;
				DEVELOPMENT_TEAM = 5SB3H4Y5NS;
				DYLIB_COMPATIBILITY_VERSION = 1;
				DYLIB_CURRENT_VERSION = 1;
				DYLIB_INSTALL_NAME_BASE = "@rpath";
				GENERATE_INFOPLIST_FILE = YES;
				INFOPLIST_KEY_NSHumanReadableCopyright = "";
				INSTALL_PATH = "$(LOCAL_LIBRARY_DIR)/Frameworks";
				LD_RUNPATH_SEARCH_PATHS = (
					"$(inherited)",
					"@executable_path/Frameworks",
					"@loader_path/Frameworks",
				);
				MARKETING_VERSION = 1.0;
				PRODUCT_BUNDLE_IDENTIFIER = com.ldakhoa.IntegrationKit;
				PRODUCT_NAME = "$(TARGET_NAME:c99extidentifier)";
				SKIP_INSTALL = YES;
				SWIFT_EMIT_LOC_STRINGS = YES;
				SWIFT_VERSION = 5.0;
				TARGETED_DEVICE_FAMILY = "1,2";
			};
			name = Release;
		};
		6A6894BF29B208D500508483 /* Debug */ = {
			isa = XCBuildConfiguration;
			baseConfigurationReference = C29CEEEE996FBDD907B7AED4 /* Pods-IntegrationKit-IntegrationKitTests.debug.xcconfig */;
			buildSettings = {
				CODE_SIGN_STYLE = Automatic;
				CURRENT_PROJECT_VERSION = 1;
				DEVELOPMENT_TEAM = 5SB3H4Y5NS;
				GENERATE_INFOPLIST_FILE = YES;
				MARKETING_VERSION = 1.0;
				PRODUCT_BUNDLE_IDENTIFIER = com.ldakhoa.IntegrationKitTests;
				PRODUCT_NAME = "$(TARGET_NAME)";
				SWIFT_EMIT_LOC_STRINGS = NO;
				SWIFT_VERSION = 5.0;
				TARGETED_DEVICE_FAMILY = "1,2";
			};
			name = Debug;
		};
		6A6894C029B208D500508483 /* Release */ = {
			isa = XCBuildConfiguration;
			baseConfigurationReference = 4B8F35F942591CF59259B445 /* Pods-IntegrationKit-IntegrationKitTests.release.xcconfig */;
			buildSettings = {
				CODE_SIGN_STYLE = Automatic;
				CURRENT_PROJECT_VERSION = 1;
				DEVELOPMENT_TEAM = 5SB3H4Y5NS;
				GENERATE_INFOPLIST_FILE = YES;
				MARKETING_VERSION = 1.0;
				PRODUCT_BUNDLE_IDENTIFIER = com.ldakhoa.IntegrationKitTests;
				PRODUCT_NAME = "$(TARGET_NAME)";
				SWIFT_EMIT_LOC_STRINGS = NO;
				SWIFT_VERSION = 5.0;
				TARGETED_DEVICE_FAMILY = "1,2";
			};
			name = Release;
		};
		6A6894CB29B2091000508483 /* Debug */ = {
			isa = XCBuildConfiguration;
			baseConfigurationReference = 4DE90A13C70FF7E689A5893F /* Pods-IntegrationWatchOS.debug.xcconfig */;
			buildSettings = {
				CODE_SIGN_STYLE = Automatic;
				CURRENT_PROJECT_VERSION = 1;
				DEFINES_MODULE = YES;
				DEVELOPMENT_TEAM = 5SB3H4Y5NS;
				DYLIB_COMPATIBILITY_VERSION = 1;
				DYLIB_CURRENT_VERSION = 1;
				DYLIB_INSTALL_NAME_BASE = "@rpath";
				GENERATE_INFOPLIST_FILE = YES;
				INFOPLIST_KEY_NSHumanReadableCopyright = "";
				INSTALL_PATH = "$(LOCAL_LIBRARY_DIR)/Frameworks";
				LD_RUNPATH_SEARCH_PATHS = (
					"$(inherited)",
					"@executable_path/Frameworks",
					"@loader_path/Frameworks",
				);
				MARKETING_VERSION = 1.0;
				PRODUCT_BUNDLE_IDENTIFIER = com.ldakhoa.IntegrationWatchOS;
				PRODUCT_NAME = "$(TARGET_NAME:c99extidentifier)";
				SDKROOT = watchos;
				SKIP_INSTALL = YES;
				SWIFT_EMIT_LOC_STRINGS = YES;
				SWIFT_VERSION = 5.0;
				TARGETED_DEVICE_FAMILY = 4;
				WATCHOS_DEPLOYMENT_TARGET = 7.0;
			};
			name = Debug;
		};
		6A6894CC29B2091000508483 /* Release */ = {
			isa = XCBuildConfiguration;
			baseConfigurationReference = 7310F63B1A97557BE9DE53B8 /* Pods-IntegrationWatchOS.release.xcconfig */;
			buildSettings = {
				CODE_SIGN_STYLE = Automatic;
				CURRENT_PROJECT_VERSION = 1;
				DEFINES_MODULE = YES;
				DEVELOPMENT_TEAM = 5SB3H4Y5NS;
				DYLIB_COMPATIBILITY_VERSION = 1;
				DYLIB_CURRENT_VERSION = 1;
				DYLIB_INSTALL_NAME_BASE = "@rpath";
				GENERATE_INFOPLIST_FILE = YES;
				INFOPLIST_KEY_NSHumanReadableCopyright = "";
				INSTALL_PATH = "$(LOCAL_LIBRARY_DIR)/Frameworks";
				LD_RUNPATH_SEARCH_PATHS = (
					"$(inherited)",
					"@executable_path/Frameworks",
					"@loader_path/Frameworks",
				);
				MARKETING_VERSION = 1.0;
				PRODUCT_BUNDLE_IDENTIFIER = com.ldakhoa.IntegrationWatchOS;
				PRODUCT_NAME = "$(TARGET_NAME:c99extidentifier)";
				SDKROOT = watchos;
				SKIP_INSTALL = YES;
				SWIFT_EMIT_LOC_STRINGS = YES;
				SWIFT_VERSION = 5.0;
				TARGETED_DEVICE_FAMILY = 4;
				WATCHOS_DEPLOYMENT_TARGET = 7.0;
			};
			name = Release;
		};
/* End XCBuildConfiguration section */

/* Begin XCConfigurationList section */
		6A6894A329B208D500508483 /* Build configuration list for PBXProject "IntegrationKit" */ = {
			isa = XCConfigurationList;
			buildConfigurations = (
				6A6894B929B208D500508483 /* Debug */,
				6A6894BA29B208D500508483 /* Release */,
			);
			defaultConfigurationIsVisible = 0;
			defaultConfigurationName = Release;
		};
		6A6894BB29B208D500508483 /* Build configuration list for PBXNativeTarget "IntegrationKit" */ = {
			isa = XCConfigurationList;
			buildConfigurations = (
				6A6894BC29B208D500508483 /* Debug */,
				6A6894BD29B208D500508483 /* Release */,
			);
			defaultConfigurationIsVisible = 0;
			defaultConfigurationName = Release;
		};
		6A6894BE29B208D500508483 /* Build configuration list for PBXNativeTarget "IntegrationKitTests" */ = {
			isa = XCConfigurationList;
			buildConfigurations = (
				6A6894BF29B208D500508483 /* Debug */,
				6A6894C029B208D500508483 /* Release */,
			);
			defaultConfigurationIsVisible = 0;
			defaultConfigurationName = Release;
		};
		6A6894CA29B2091000508483 /* Build configuration list for PBXNativeTarget "IntegrationWatchOS" */ = {
			isa = XCConfigurationList;
			buildConfigurations = (
				6A6894CB29B2091000508483 /* Debug */,
				6A6894CC29B2091000508483 /* Release */,
			);
			defaultConfigurationIsVisible = 0;
			defaultConfigurationName = Release;
		};
/* End XCConfigurationList section */
	};
	rootObject = 6A6894A029B208D500508483 /* Project object */;
}
